{
  "name": "dotfiles",
  "version": "1.0.0",
  "lockfileVersion": 2,
  "requires": true,
  "packages": {
    "": {
      "name": "dotfiles",
      "version": "1.0.0",
      "license": "MIT",
      "devDependencies": {
        "@arbetsmyra/prettier-config": "1.2.1",
        "prettier": "2.5.1"
      }
    },
    "node_modules/@arbetsmyra/prettier-config": {
      "version": "1.2.1",
      "resolved": "https://registry.npmjs.org/@arbetsmyra/prettier-config/-/prettier-config-1.2.1.tgz",
      "integrity": "sha512-Sf/uyGxb7FYIsqTAuiFIzMrcCvrbGBNXjaTmeSLuGs1XsasRD0Ut6Ql8nV66VrwazWb/7e5p3dUhvLocbeefqA==",
      "dev": true,
      "peerDependencies": {
        "prettier": ">=1.9"
      }
    },
    "node_modules/prettier": {
      "version": "2.5.1",
      "resolved": "https://registry.npmjs.org/prettier/-/prettier-2.5.1.tgz",
      "integrity": "sha512-vBZcPRUR5MZJwoyi3ZoyQlc1rXeEck8KgeC9AwwOn+exuxLxq5toTRDTSaVrXHxelDMHy9zlicw8u66yxoSUFg==",
      "dev": true,
      "bin": {
        "prettier": "bin-prettier.js"
      },
      "engines": {
        "node": ">=10.13.0"
      }
    }
  },
  "dependencies": {
    "@arbetsmyra/prettier-config": {
      "version": "1.2.1",
      "resolved": "https://registry.npmjs.org/@arbetsmyra/prettier-config/-/prettier-config-1.2.1.tgz",
      "integrity": "sha512-Sf/uyGxb7FYIsqTAuiFIzMrcCvrbGBNXjaTmeSLuGs1XsasRD0Ut6Ql8nV66VrwazWb/7e5p3dUhvLocbeefqA==",
      "dev": true,
      "requires": {}
    },
    "prettier": {
      "version": "2.5.1",
      "resolved": "https://registry.npmjs.org/prettier/-/prettier-2.5.1.tgz",
      "integrity": "sha512-vBZcPRUR5MZJwoyi3ZoyQlc1rXeEck8KgeC9AwwOn+exuxLxq5toTRDTSaVrXHxelDMHy9zlicw8u66yxoSUFg==",
      "dev": true
    }
  }
}
